
Microsoft Visual Studio Solution File, Format Version 12.00
# Visual Studio 2013
VisualStudioVersion = 12.0.31101.0
MinimumVisualStudioVersion = 10.0.40219.1
Project("{FAE04EC0-301F-11D3-BF4B-00C04F79EFBC}") = "WebProductMonitor", "WebProductMonitor\WebProductMonitor.csproj", "{E439BD31-6707-4FD1-91D9-B250DE79FE13}"
EndProject
Project("{FAE04EC0-301F-11D3-BF4B-00C04F79EFBC}") = "ProductMonitor", "ProductMonitor\ProductMonitor.csproj", "{D22718ED-48BF-463C-B51A-5B1A1F153196}"
EndProject
Project("{FAE04EC0-301F-11D3-BF4B-00C04F79EFBC}") = "Eagle.Client", "Eagle.Client\Eagle.Client.csproj", "{17DEA9CB-A971-4F08-AF6B-C227D1FB5E9D}"
EndProject
Project("{FAE04EC0-301F-11D3-BF4B-00C04F79EFBC}") = "Eagle.Server", "Eagle.Server\Eagle.Server.csproj", "{2AA133A8-9DA4-482F-92A5-20EF7CE3AF08}"
EndProject
Global
	GlobalSection(SolutionConfigurationPlatforms) = preSolution
		Debug|Any CPU = Debug|Any CPU
		Release|Any CPU = Release|Any CPU
	EndGlobalSection
	GlobalSection(ProjectConfigurationPlatforms) = postSolution
		{E439BD31-6707-4FD1-91D9-B250DE79FE13}.Debug|Any CPU.ActiveCfg = Debug|Any CPU
		{E439BD31-6707-4FD1-91D9-B250DE79FE13}.Debug|Any CPU.Build.0 = Debug|Any CPU
		{E439BD31-6707-4FD1-91D9-B250DE79FE13}.Release|Any CPU.ActiveCfg = Release|Any CPU
		{E439BD31-6707-4FD1-91D9-B250DE79FE13}.Release|Any CPU.Build.0 = Release|Any CPU
		{D22718ED-48BF-463C-B51A-5B1A1F153196}.Debug|Any CPU.ActiveCfg = Debug|Any CPU
		{D22718ED-48BF-463C-B51A-5B1A1F153196}.Debug|Any CPU.Build.0 = Debug|Any CPU
		{D22718ED-48BF-463C-B51A-5B1A1F153196}.Release|Any CPU.ActiveCfg = Release|Any CPU
		{D22718ED-48BF-463C-B51A-5B1A1F153196}.Release|Any CPU.Build.0 = Release|Any CPU
		{17DEA9CB-A971-4F08-AF6B-C227D1FB5E9D}.Debug|Any CPU.ActiveCfg = Debug|Any CPU
		{17DEA9CB-A971-4F08-AF6B-C227D1FB5E9D}.Debug|Any CPU.Build.0 = Debug|Any CPU
		{17DEA9CB-A971-4F08-AF6B-C227D1FB5E9D}.Release|Any CPU.ActiveCfg = Release|Any CPU
		{17DEA9CB-A971-4F08-AF6B-C227D1FB5E9D}.Release|Any CPU.Build.0 = Release|Any CPU
		{2AA133A8-9DA4-482F-92A5-20EF7CE3AF08}.Debug|Any CPU.ActiveCfg = Debug|Any CPU
		{2AA133A8-9DA4-482F-92A5-20EF7CE3AF08}.Debug|Any CPU.Build.0 = Debug|Any CPU
		{2AA133A8-9DA4-482F-92A5-20EF7CE3AF08}.Release|Any CPU.ActiveCfg = Release|Any CPU
		{2AA133A8-9DA4-482F-92A5-20EF7CE3AF08}.Release|Any CPU.Build.0 = Release|Any CPU
	EndGlobalSection
	GlobalSection(SolutionProperties) = preSolution
		HideSolutionNode = FALSE
	EndGlobalSection
EndGlobal
