
Microsoft Visual Studio Solution File, Format Version 12.00
# Visual Studio 14
VisualStudioVersion = 14.0.24720.0
MinimumVisualStudioVersion = 10.0.40219.1
Project("{FAE04EC0-301F-11D3-BF4B-00C04F79EFBC}") = "Emf.Web.Ui", "Emf.Web.Ui\Emf.Web.Ui.csproj", "{45FE3271-EDA2-4E21-970C-7472A9100D06}"
EndProject
Project("{FAE04EC0-301F-11D3-BF4B-00C04F79EFBC}") = "Windows.CredentialManagement", "Windows.CredentialManagement\Windows.CredentialManagement.csproj", "{4958E63A-CEFB-40D6-AD9C-B022CA44373A}"
EndProject
Global
	GlobalSection(SolutionConfigurationPlatforms) = preSolution
		Debug|Any CPU = Debug|Any CPU
		Release|Any CPU = Release|Any CPU
	EndGlobalSection
	GlobalSection(ProjectConfigurationPlatforms) = postSolution
		{45FE3271-EDA2-4E21-970C-7472A9100D06}.Debug|Any CPU.ActiveCfg = Debug|Any CPU
		{45FE3271-EDA2-4E21-970C-7472A9100D06}.Debug|Any CPU.Build.0 = Debug|Any CPU
		{45FE3271-EDA2-4E21-970C-7472A9100D06}.Release|Any CPU.ActiveCfg = Release|Any CPU
		{45FE3271-EDA2-4E21-970C-7472A9100D06}.Release|Any CPU.Build.0 = Release|Any CPU
		{4958E63A-CEFB-40D6-AD9C-B022CA44373A}.Debug|Any CPU.ActiveCfg = Debug|Any CPU
		{4958E63A-CEFB-40D6-AD9C-B022CA44373A}.Debug|Any CPU.Build.0 = Debug|Any CPU
		{4958E63A-CEFB-40D6-AD9C-B022CA44373A}.Release|Any CPU.ActiveCfg = Release|Any CPU
		{4958E63A-CEFB-40D6-AD9C-B022CA44373A}.Release|Any CPU.Build.0 = Release|Any CPU
	EndGlobalSection
	GlobalSection(SolutionProperties) = preSolution
		HideSolutionNode = FALSE
	EndGlobalSection
EndGlobal
